
Microsoft Visual Studio Solution File, Format Version 12.00
# Visual Studio Version 17
VisualStudioVersion = 17.12.35707.178
MinimumVisualStudioVersion = 10.0.40219.1
Project("{FAE04EC0-301F-11D3-BF4B-00C04F79EFBC}") = "Conexus.Api", "Conexus.Api\Conexus.Api.csproj", "{289BEDFD-D7AC-47FC-818E-B745630C3295}"
EndProject
Project("{FAE04EC0-301F-11D3-BF4B-00C04F79EFBC}") = "Conexus.Business", "Conexus.Business\Conexus.Business.csproj", "{5582A3FF-F4E8-4104-AD51-4A3EF1572558}"
EndProject
Project("{FAE04EC0-301F-11D3-BF4B-00C04F79EFBC}") = "Conexus.Data", "Conexus.Data\Conexus.Data.csproj", "{8D9E2761-F0A9-46A8-A50C-8966138583C5}"
EndProject
Global
	GlobalSection(SolutionConfigurationPlatforms) = preSolution
		Debug|Any CPU = Debug|Any CPU
		Release|Any CPU = Release|Any CPU
	EndGlobalSection
	GlobalSection(ProjectConfigurationPlatforms) = postSolution
		{289BEDFD-D7AC-47FC-818E-B745630C3295}.Debug|Any CPU.ActiveCfg = Debug|Any CPU
		{289BEDFD-D7AC-47FC-818E-B745630C3295}.Debug|Any CPU.Build.0 = Debug|Any CPU
		{289BEDFD-D7AC-47FC-818E-B745630C3295}.Release|Any CPU.ActiveCfg = Release|Any CPU
		{289BEDFD-D7AC-47FC-818E-B745630C3295}.Release|Any CPU.Build.0 = Release|Any CPU
		{5582A3FF-F4E8-4104-AD51-4A3EF1572558}.Debug|Any CPU.ActiveCfg = Debug|Any CPU
		{5582A3FF-F4E8-4104-AD51-4A3EF1572558}.Debug|Any CPU.Build.0 = Debug|Any CPU
		{5582A3FF-F4E8-4104-AD51-4A3EF1572558}.Release|Any CPU.ActiveCfg = Release|Any CPU
		{5582A3FF-F4E8-4104-AD51-4A3EF1572558}.Release|Any CPU.Build.0 = Release|Any CPU
		{8D9E2761-F0A9-46A8-A50C-8966138583C5}.Debug|Any CPU.ActiveCfg = Debug|Any CPU
		{8D9E2761-F0A9-46A8-A50C-8966138583C5}.Debug|Any CPU.Build.0 = Debug|Any CPU
		{8D9E2761-F0A9-46A8-A50C-8966138583C5}.Release|Any CPU.ActiveCfg = Release|Any CPU
		{8D9E2761-F0A9-46A8-A50C-8966138583C5}.Release|Any CPU.Build.0 = Release|Any CPU
	EndGlobalSection
	GlobalSection(SolutionProperties) = preSolution
		HideSolutionNode = FALSE
	EndGlobalSection
EndGlobal
